
Microsoft Visual Studio Solution File, Format Version 12.00
# Visual Studio Version 17
VisualStudioVersion = 17.12.35209.166
MinimumVisualStudioVersion = 10.0.40219.1
Project("{2150E333-8FDC-42A3-9474-1A3956D46DE8}") = "Solution Items", "Solution Items", "{86C45239-6676-46FA-8FAD-4093EAD45427}"
	ProjectSection(SolutionItems) = preProject
		.editorconfig = .editorconfig
		.gitignore = .gitignore
		Directory.Build.props = Directory.Build.props
		LICENSE = LICENSE
		README.md = README.md
		README.zh-CN.md = README.zh-CN.md
	EndProjectSection
EndProject
Project("{2150E333-8FDC-42A3-9474-1A3956D46DE8}") = "src", "src", "{E20B2331-FE69-414C-B706-11EF41B09D8B}"
EndProject
Project("{FAE04EC0-301F-11D3-BF4B-00C04F79EFBC}") = "AvaloniaExtensions.Axaml", "src\AvaloniaExtensions.Axaml\AvaloniaExtensions.Axaml.csproj", "{FBEBA881-CA18-4B65-9F32-D9C0BFF9AD7F}"
EndProject
Project("{2150E333-8FDC-42A3-9474-1A3956D46DE8}") = "tests", "tests", "{07FEB8AC-F72D-469E-8AE6-A5518919D2FD}"
EndProject
Project("{FAE04EC0-301F-11D3-BF4B-00C04F79EFBC}") = "AvaloniaExtensions.Axaml.Demo", "src\AvaloniaExtensions.Axaml.Demo\AvaloniaExtensions.Axaml.Demo.csproj", "{9354640E-E0A0-43DD-9CFC-FDDF624305DA}"
EndProject
Project("{FAE04EC0-301F-11D3-BF4B-00C04F79EFBC}") = "Avalonia.XmlTranslator", "src\Avalonia.XmlTranslator\Avalonia.XmlTranslator.csproj", "{36444CBF-256B-4296-B818-52F17068B9FA}"
EndProject
Project("{FAE04EC0-301F-11D3-BF4B-00C04F79EFBC}") = "Avalonia.XmlTranslator.Demo", "src\Avalonia.XmlTranslator.Demo\Avalonia.XmlTranslator.Demo.csproj", "{72C8A993-523D-458F-9F1B-9487CE99222B}"
EndProject
Project("{FAE04EC0-301F-11D3-BF4B-00C04F79EFBC}") = "AvaloniaExtensions.Tests", "src\AvaloniaExtensions.Tests\AvaloniaExtensions.Tests.csproj", "{7360E627-D807-4CBD-B258-56E0BD9701C6}"
EndProject
Global
	GlobalSection(SolutionConfigurationPlatforms) = preSolution
		Debug|Any CPU = Debug|Any CPU
		Release|Any CPU = Release|Any CPU
	EndGlobalSection
	GlobalSection(ProjectConfigurationPlatforms) = postSolution
		{FBEBA881-CA18-4B65-9F32-D9C0BFF9AD7F}.Debug|Any CPU.ActiveCfg = Debug|Any CPU
		{FBEBA881-CA18-4B65-9F32-D9C0BFF9AD7F}.Debug|Any CPU.Build.0 = Debug|Any CPU
		{FBEBA881-CA18-4B65-9F32-D9C0BFF9AD7F}.Release|Any CPU.ActiveCfg = Release|Any CPU
		{FBEBA881-CA18-4B65-9F32-D9C0BFF9AD7F}.Release|Any CPU.Build.0 = Release|Any CPU
		{9354640E-E0A0-43DD-9CFC-FDDF624305DA}.Debug|Any CPU.ActiveCfg = Debug|Any CPU
		{9354640E-E0A0-43DD-9CFC-FDDF624305DA}.Debug|Any CPU.Build.0 = Debug|Any CPU
		{9354640E-E0A0-43DD-9CFC-FDDF624305DA}.Release|Any CPU.ActiveCfg = Release|Any CPU
		{9354640E-E0A0-43DD-9CFC-FDDF624305DA}.Release|Any CPU.Build.0 = Release|Any CPU
		{36444CBF-256B-4296-B818-52F17068B9FA}.Debug|Any CPU.ActiveCfg = Debug|Any CPU
		{36444CBF-256B-4296-B818-52F17068B9FA}.Debug|Any CPU.Build.0 = Debug|Any CPU
		{36444CBF-256B-4296-B818-52F17068B9FA}.Release|Any CPU.ActiveCfg = Release|Any CPU
		{36444CBF-256B-4296-B818-52F17068B9FA}.Release|Any CPU.Build.0 = Release|Any CPU
		{72C8A993-523D-458F-9F1B-9487CE99222B}.Debug|Any CPU.ActiveCfg = Debug|Any CPU
		{72C8A993-523D-458F-9F1B-9487CE99222B}.Debug|Any CPU.Build.0 = Debug|Any CPU
		{72C8A993-523D-458F-9F1B-9487CE99222B}.Release|Any CPU.ActiveCfg = Release|Any CPU
		{72C8A993-523D-458F-9F1B-9487CE99222B}.Release|Any CPU.Build.0 = Release|Any CPU
		{7360E627-D807-4CBD-B258-56E0BD9701C6}.Debug|Any CPU.ActiveCfg = Debug|Any CPU
		{7360E627-D807-4CBD-B258-56E0BD9701C6}.Debug|Any CPU.Build.0 = Debug|Any CPU
		{7360E627-D807-4CBD-B258-56E0BD9701C6}.Release|Any CPU.ActiveCfg = Release|Any CPU
		{7360E627-D807-4CBD-B258-56E0BD9701C6}.Release|Any CPU.Build.0 = Release|Any CPU
	EndGlobalSection
	GlobalSection(SolutionProperties) = preSolution
		HideSolutionNode = FALSE
	EndGlobalSection
	GlobalSection(NestedProjects) = preSolution
		{FBEBA881-CA18-4B65-9F32-D9C0BFF9AD7F} = {E20B2331-FE69-414C-B706-11EF41B09D8B}
		{9354640E-E0A0-43DD-9CFC-FDDF624305DA} = {07FEB8AC-F72D-469E-8AE6-A5518919D2FD}
		{36444CBF-256B-4296-B818-52F17068B9FA} = {E20B2331-FE69-414C-B706-11EF41B09D8B}
		{72C8A993-523D-458F-9F1B-9487CE99222B} = {07FEB8AC-F72D-469E-8AE6-A5518919D2FD}
		{7360E627-D807-4CBD-B258-56E0BD9701C6} = {07FEB8AC-F72D-469E-8AE6-A5518919D2FD}
	EndGlobalSection
	GlobalSection(ExtensibilityGlobals) = postSolution
		SolutionGuid = {D3B18EBC-D9A2-4625-8DD5-1BE213D6DEEA}
	EndGlobalSection
EndGlobal
